// !$*UTF8*$!
{
	archiveVersion = 1;
	classes = {
	};
	objectVersion = 46;
	objects = {

/* Begin PBXAggregateTarget section */
		"StdLibX::StdLibXPackageTests::ProductTarget" /* StdLibXPackageTests */ = {
			isa = PBXAggregateTarget;
			buildConfigurationList = OBJ_64 /* Build configuration list for PBXAggregateTarget "StdLibXPackageTests" */;
			buildPhases = (
			);
			dependencies = (
				OBJ_67 /* PBXTargetDependency */,
			);
			name = StdLibXPackageTests;
			productName = StdLibXPackageTests;
		};
/* End PBXAggregateTarget section */

/* Begin PBXBuildFile section */
		76FD218424A7E1E9000C0D20 /* ExitCodeTests.swift in Sources */ = {isa = PBXBuildFile; fileRef = 76FD218324A7E1E9000C0D20 /* ExitCodeTests.swift */; };
		OBJ_38 /* NilInit.swift in Sources */ = {isa = PBXBuildFile; fileRef = OBJ_10 /* NilInit.swift */; };
		OBJ_39 /* Prompt.swift in Sources */ = {isa = PBXBuildFile; fileRef = OBJ_11 /* Prompt.swift */; };
		OBJ_40 /* RepeatUntil.swift in Sources */ = {isa = PBXBuildFile; fileRef = OBJ_12 /* RepeatUntil.swift */; };
		OBJ_41 /* StringedArrays.swift in Sources */ = {isa = PBXBuildFile; fileRef = OBJ_13 /* StringedArrays.swift */; };
		OBJ_42 /* System.swift in Sources */ = {isa = PBXBuildFile; fileRef = OBJ_14 /* System.swift */; };
		OBJ_43 /* Color.swift in Sources */ = {isa = PBXBuildFile; fileRef = OBJ_16 /* Color.swift */; };
		OBJ_45 /* StdLibXFromC.framework in Frameworks */ = {isa = PBXBuildFile; fileRef = "StdLibX::StdLibXFromC::Product" /* StdLibXFromC.framework */; };
		OBJ_52 /* StdLibXFromC.cpp in Sources */ = {isa = PBXBuildFile; fileRef = OBJ_18 /* StdLibXFromC.cpp */; };
		OBJ_54 /* StdLibXFromC-Bridging-Header.h in Headers */ = {isa = PBXBuildFile; fileRef = OBJ_20 /* StdLibXFromC-Bridging-Header.h */; settings = {ATTRIBUTES = (Public, ); }; };
		OBJ_55 /* StdLibXFromC.h in Headers */ = {isa = PBXBuildFile; fileRef = OBJ_21 /* StdLibXFromC.h */; settings = {ATTRIBUTES = (Public, ); }; };
		OBJ_62 /* Package.swift in Sources */ = {isa = PBXBuildFile; fileRef = OBJ_6 /* Package.swift */; };
		OBJ_73 /* RepeatUntilTests.swift in Sources */ = {isa = PBXBuildFile; fileRef = OBJ_24 /* RepeatUntilTests.swift */; };
		OBJ_74 /* StringedArraysTests.swift in Sources */ = {isa = PBXBuildFile; fileRef = OBJ_25 /* StringedArraysTests.swift */; };
		OBJ_75 /* XCTestManifests.swift in Sources */ = {isa = PBXBuildFile; fileRef = OBJ_26 /* XCTestManifests.swift */; };
		OBJ_77 /* StdLibX.framework in Frameworks */ = {isa = PBXBuildFile; fileRef = "StdLibX::StdLibX::Product" /* StdLibX.framework */; };
		OBJ_78 /* StdLibXFromC.framework in Frameworks */ = {isa = PBXBuildFile; fileRef = "StdLibX::StdLibXFromC::Product" /* StdLibXFromC.framework */; };
/* End PBXBuildFile section */

/* Begin PBXContainerItemProxy section */
		76FD218024A7E1A2000C0D20 /* PBXContainerItemProxy */ = {
			isa = PBXContainerItemProxy;
			containerPortal = OBJ_1 /* Project object */;
			proxyType = 1;
			remoteGlobalIDString = "StdLibX::StdLibXFromC";
			remoteInfo = StdLibXFromC;
		};
		76FD218124A7E1A3000C0D20 /* PBXContainerItemProxy */ = {
			isa = PBXContainerItemProxy;
			containerPortal = OBJ_1 /* Project object */;
			proxyType = 1;
			remoteGlobalIDString = "StdLibX::StdLibX";
			remoteInfo = StdLibX;
		};
		76FD218224A7E1A3000C0D20 /* PBXContainerItemProxy */ = {
			isa = PBXContainerItemProxy;
			containerPortal = OBJ_1 /* Project object */;
			proxyType = 1;
			remoteGlobalIDString = "StdLibX::StdLibXFromC";
			remoteInfo = StdLibXFromC;
		};
/* End PBXContainerItemProxy section */

/* Begin PBXFileReference section */
		76FD218324A7E1E9000C0D20 /* ExitCodeTests.swift */ = {isa = PBXFileReference; lastKnownFileType = sourcecode.swift; path = ExitCodeTests.swift; sourceTree = "<group>"; };
		OBJ_10 /* NilInit.swift */ = {isa = PBXFileReference; lastKnownFileType = sourcecode.swift; path = NilInit.swift; sourceTree = "<group>"; };
		OBJ_11 /* Prompt.swift */ = {isa = PBXFileReference; lastKnownFileType = sourcecode.swift; path = Prompt.swift; sourceTree = "<group>"; };
		OBJ_12 /* RepeatUntil.swift */ = {isa = PBXFileReference; lastKnownFileType = sourcecode.swift; path = RepeatUntil.swift; sourceTree = "<group>"; };
		OBJ_13 /* StringedArrays.swift */ = {isa = PBXFileReference; lastKnownFileType = sourcecode.swift; path = StringedArrays.swift; sourceTree = "<group>"; };
		OBJ_14 /* System.swift */ = {isa = PBXFileReference; lastKnownFileType = sourcecode.swift; path = System.swift; sourceTree = "<group>"; };
		OBJ_16 /* Color.swift */ = {isa = PBXFileReference; lastKnownFileType = sourcecode.swift; path = Color.swift; sourceTree = "<group>"; };
		OBJ_18 /* StdLibXFromC.cpp */ = {isa = PBXFileReference; lastKnownFileType = sourcecode.cpp.cpp; path = StdLibXFromC.cpp; sourceTree = "<group>"; };
		OBJ_20 /* StdLibXFromC-Bridging-Header.h */ = {isa = PBXFileReference; lastKnownFileType = sourcecode.c.h; path = "StdLibXFromC-Bridging-Header.h"; sourceTree = "<group>"; };
		OBJ_21 /* StdLibXFromC.h */ = {isa = PBXFileReference; lastKnownFileType = sourcecode.c.h; path = StdLibXFromC.h; sourceTree = "<group>"; };
		OBJ_24 /* RepeatUntilTests.swift */ = {isa = PBXFileReference; lastKnownFileType = sourcecode.swift; path = RepeatUntilTests.swift; sourceTree = "<group>"; };
		OBJ_25 /* StringedArraysTests.swift */ = {isa = PBXFileReference; lastKnownFileType = sourcecode.swift; path = StringedArraysTests.swift; sourceTree = "<group>"; };
		OBJ_26 /* XCTestManifests.swift */ = {isa = PBXFileReference; lastKnownFileType = sourcecode.swift; path = XCTestManifests.swift; sourceTree = "<group>"; };
		OBJ_31 /* LICENSE */ = {isa = PBXFileReference; lastKnownFileType = text; path = LICENSE; sourceTree = "<group>"; };
		OBJ_32 /* README.md */ = {isa = PBXFileReference; lastKnownFileType = net.daringfireball.markdown; path = README.md; sourceTree = "<group>"; };
		OBJ_6 /* Package.swift */ = {isa = PBXFileReference; explicitFileType = sourcecode.swift; path = Package.swift; sourceTree = "<group>"; };
		"StdLibX::StdLibX::Product" /* StdLibX.framework */ = {isa = PBXFileReference; lastKnownFileType = wrapper.framework; path = StdLibX.framework; sourceTree = BUILT_PRODUCTS_DIR; };
		"StdLibX::StdLibXFromC::Product" /* StdLibXFromC.framework */ = {isa = PBXFileReference; lastKnownFileType = wrapper.framework; path = StdLibXFromC.framework; sourceTree = BUILT_PRODUCTS_DIR; };
		"StdLibX::StdLibXTests::Product" /* StdLibXTests.xctest */ = {isa = PBXFileReference; lastKnownFileType = file; path = StdLibXTests.xctest; sourceTree = BUILT_PRODUCTS_DIR; };
/* End PBXFileReference section */

/* Begin PBXFrameworksBuildPhase section */
		OBJ_44 /* Frameworks */ = {
			isa = PBXFrameworksBuildPhase;
			buildActionMask = 0;
			files = (
				OBJ_45 /* StdLibXFromC.framework in Frameworks */,
			);
			runOnlyForDeploymentPostprocessing = 0;
		};
		OBJ_56 /* Frameworks */ = {
			isa = PBXFrameworksBuildPhase;
			buildActionMask = 0;
			files = (
			);
			runOnlyForDeploymentPostprocessing = 0;
		};
		OBJ_76 /* Frameworks */ = {
			isa = PBXFrameworksBuildPhase;
			buildActionMask = 0;
			files = (
				OBJ_77 /* StdLibX.framework in Frameworks */,
				OBJ_78 /* StdLibXFromC.framework in Frameworks */,
			);
			runOnlyForDeploymentPostprocessing = 0;
		};
/* End PBXFrameworksBuildPhase section */

/* Begin PBXGroup section */
		OBJ_15 /* SwiftUI */ = {
			isa = PBXGroup;
			children = (
				OBJ_16 /* Color.swift */,
			);
			path = SwiftUI;
			sourceTree = "<group>";
		};
		OBJ_17 /* StdLibXFromC */ = {
			isa = PBXGroup;
			children = (
				OBJ_18 /* StdLibXFromC.cpp */,
				OBJ_19 /* include */,
			);
			name = StdLibXFromC;
			path = Sources/StdLibXFromC;
			sourceTree = SOURCE_ROOT;
		};
		OBJ_19 /* include */ = {
			isa = PBXGroup;
			children = (
				OBJ_20 /* StdLibXFromC-Bridging-Header.h */,
				OBJ_21 /* StdLibXFromC.h */,
			);
			path = include;
			sourceTree = "<group>";
		};
		OBJ_22 /* Tests */ = {
			isa = PBXGroup;
			children = (
				OBJ_23 /* StdLibXTests */,
			);
			name = Tests;
			sourceTree = SOURCE_ROOT;
		};
		OBJ_23 /* StdLibXTests */ = {
			isa = PBXGroup;
			children = (
				OBJ_24 /* RepeatUntilTests.swift */,
				OBJ_25 /* StringedArraysTests.swift */,
				76FD218324A7E1E9000C0D20 /* ExitCodeTests.swift */,
				OBJ_26 /* XCTestManifests.swift */,
			);
			name = StdLibXTests;
			path = Tests/StdLibXTests;
			sourceTree = SOURCE_ROOT;
		};
		OBJ_27 /* Products */ = {
			isa = PBXGroup;
			children = (
				"StdLibX::StdLibXFromC::Product" /* StdLibXFromC.framework */,
				"StdLibX::StdLibXTests::Product" /* StdLibXTests.xctest */,
				"StdLibX::StdLibX::Product" /* StdLibX.framework */,
			);
			name = Products;
			sourceTree = BUILT_PRODUCTS_DIR;
		};
		OBJ_5 /*  */ = {
			isa = PBXGroup;
			children = (
				OBJ_6 /* Package.swift */,
				OBJ_7 /* Sources */,
				OBJ_22 /* Tests */,
				OBJ_27 /* Products */,
				OBJ_31 /* LICENSE */,
				OBJ_32 /* README.md */,
			);
			name = "";
			sourceTree = "<group>";
		};
		OBJ_7 /* Sources */ = {
			isa = PBXGroup;
			children = (
				OBJ_8 /* StdLibX */,
				OBJ_17 /* StdLibXFromC */,
			);
			name = Sources;
			sourceTree = SOURCE_ROOT;
		};
		OBJ_8 /* StdLibX */ = {
			isa = PBXGroup;
			children = (
				OBJ_9 /* Foundation */,
				OBJ_15 /* SwiftUI */,
			);
			name = StdLibX;
			path = Sources/StdLibX;
			sourceTree = SOURCE_ROOT;
		};
		OBJ_9 /* Foundation */ = {
			isa = PBXGroup;
			children = (
				OBJ_10 /* NilInit.swift */,
				OBJ_11 /* Prompt.swift */,
				OBJ_12 /* RepeatUntil.swift */,
				OBJ_13 /* StringedArrays.swift */,
				OBJ_14 /* System.swift */,
			);
			path = Foundation;
			sourceTree = "<group>";
		};
/* End PBXGroup section */

/* Begin PBXHeadersBuildPhase section */
		OBJ_53 /* Headers */ = {
			isa = PBXHeadersBuildPhase;
			buildActionMask = 0;
			files = (
				OBJ_54 /* StdLibXFromC-Bridging-Header.h in Headers */,
				OBJ_55 /* StdLibXFromC.h in Headers */,
			);
			runOnlyForDeploymentPostprocessing = 0;
		};
/* End PBXHeadersBuildPhase section */

/* Begin PBXNativeTarget section */
		"StdLibX::StdLibX" /* StdLibX */ = {
			isa = PBXNativeTarget;
			buildConfigurationList = OBJ_34 /* Build configuration list for PBXNativeTarget "StdLibX" */;
			buildPhases = (
				OBJ_37 /* Sources */,
				OBJ_44 /* Frameworks */,
			);
			buildRules = (
			);
			dependencies = (
				OBJ_46 /* PBXTargetDependency */,
			);
			name = StdLibX;
			productName = StdLibX;
			productReference = "StdLibX::StdLibX::Product" /* StdLibX.framework */;
			productType = "com.apple.product-type.framework";
		};
		"StdLibX::StdLibXFromC" /* StdLibXFromC */ = {
			isa = PBXNativeTarget;
			buildConfigurationList = OBJ_48 /* Build configuration list for PBXNativeTarget "StdLibXFromC" */;
			buildPhases = (
				OBJ_51 /* Sources */,
				OBJ_53 /* Headers */,
				OBJ_56 /* Frameworks */,
			);
			buildRules = (
			);
			dependencies = (
			);
			name = StdLibXFromC;
			productName = StdLibXFromC;
			productReference = "StdLibX::StdLibXFromC::Product" /* StdLibXFromC.framework */;
			productType = "com.apple.product-type.framework";
		};
		"StdLibX::StdLibXTests" /* StdLibXTests */ = {
			isa = PBXNativeTarget;
			buildConfigurationList = OBJ_69 /* Build configuration list for PBXNativeTarget "StdLibXTests" */;
			buildPhases = (
				OBJ_72 /* Sources */,
				OBJ_76 /* Frameworks */,
			);
			buildRules = (
			);
			dependencies = (
				OBJ_79 /* PBXTargetDependency */,
				OBJ_80 /* PBXTargetDependency */,
			);
			name = StdLibXTests;
			productName = StdLibXTests;
			productReference = "StdLibX::StdLibXTests::Product" /* StdLibXTests.xctest */;
			productType = "com.apple.product-type.bundle.unit-test";
		};
		"StdLibX::SwiftPMPackageDescription" /* StdLibXPackageDescription */ = {
			isa = PBXNativeTarget;
			buildConfigurationList = OBJ_58 /* Build configuration list for PBXNativeTarget "StdLibXPackageDescription" */;
			buildPhases = (
				OBJ_61 /* Sources */,
			);
			buildRules = (
			);
			dependencies = (
			);
			name = StdLibXPackageDescription;
			productName = StdLibXPackageDescription;
			productType = "com.apple.product-type.framework";
		};
/* End PBXNativeTarget section */

/* Begin PBXProject section */
		OBJ_1 /* Project object */ = {
			isa = PBXProject;
			attributes = {
				LastSwiftMigration = 9999;
				LastUpgradeCheck = 9999;
			};
			buildConfigurationList = OBJ_2 /* Build configuration list for PBXProject "StdLibX" */;
			compatibilityVersion = "Xcode 3.2";
			developmentRegion = en;
			hasScannedForEncodings = 0;
			knownRegions = (
				en,
			);
			mainGroup = OBJ_5 /*  */;
			productRefGroup = OBJ_27 /* Products */;
			projectDirPath = "";
			projectRoot = "";
			targets = (
				"StdLibX::StdLibX" /* StdLibX */,
				"StdLibX::StdLibXFromC" /* StdLibXFromC */,
				"StdLibX::SwiftPMPackageDescription" /* StdLibXPackageDescription */,
				"StdLibX::StdLibXPackageTests::ProductTarget" /* StdLibXPackageTests */,
				"StdLibX::StdLibXTests" /* StdLibXTests */,
			);
		};
/* End PBXProject section */

/* Begin PBXSourcesBuildPhase section */
		OBJ_37 /* Sources */ = {
			isa = PBXSourcesBuildPhase;
			buildActionMask = 0;
			files = (
				OBJ_38 /* NilInit.swift in Sources */,
				OBJ_39 /* Prompt.swift in Sources */,
				OBJ_40 /* RepeatUntil.swift in Sources */,
				OBJ_41 /* StringedArrays.swift in Sources */,
				OBJ_42 /* System.swift in Sources */,
				OBJ_43 /* Color.swift in Sources */,
			);
			runOnlyForDeploymentPostprocessing = 0;
		};
		OBJ_51 /* Sources */ = {
			isa = PBXSourcesBuildPhase;
			buildActionMask = 0;
			files = (
				OBJ_52 /* StdLibXFromC.cpp in Sources */,
			);
			runOnlyForDeploymentPostprocessing = 0;
		};
		OBJ_61 /* Sources */ = {
			isa = PBXSourcesBuildPhase;
			buildActionMask = 0;
			files = (
				OBJ_62 /* Package.swift in Sources */,
			);
			runOnlyForDeploymentPostprocessing = 0;
		};
		OBJ_72 /* Sources */ = {
			isa = PBXSourcesBuildPhase;
			buildActionMask = 0;
			files = (
				OBJ_73 /* RepeatUntilTests.swift in Sources */,
				OBJ_74 /* StringedArraysTests.swift in Sources */,
				76FD218424A7E1E9000C0D20 /* ExitCodeTests.swift in Sources */,
				OBJ_75 /* XCTestManifests.swift in Sources */,
			);
			runOnlyForDeploymentPostprocessing = 0;
		};
/* End PBXSourcesBuildPhase section */

/* Begin PBXTargetDependency section */
		OBJ_46 /* PBXTargetDependency */ = {
			isa = PBXTargetDependency;
			target = "StdLibX::StdLibXFromC" /* StdLibXFromC */;
			targetProxy = 76FD218024A7E1A2000C0D20 /* PBXContainerItemProxy */;
		};
		OBJ_67 /* PBXTargetDependency */ = {
			isa = PBXTargetDependency;
			target = "StdLibX::StdLibXTests" /* StdLibXTests */;
			targetProxy = "StdLibX::StdLibXTests" /* StdLibXTests */;
		};
		OBJ_79 /* PBXTargetDependency */ = {
			isa = PBXTargetDependency;
			target = "StdLibX::StdLibX" /* StdLibX */;
			targetProxy = 76FD218124A7E1A3000C0D20 /* PBXContainerItemProxy */;
		};
		OBJ_80 /* PBXTargetDependency */ = {
			isa = PBXTargetDependency;
			target = "StdLibX::StdLibXFromC" /* StdLibXFromC */;
			targetProxy = 76FD218224A7E1A3000C0D20 /* PBXContainerItemProxy */;
		};
/* End PBXTargetDependency section */

/* Begin XCBuildConfiguration section */
		OBJ_3 /* Debug */ = {
			isa = XCBuildConfiguration;
			buildSettings = {
				CLANG_ENABLE_OBJC_ARC = YES;
				COMBINE_HIDPI_IMAGES = YES;
				COPY_PHASE_STRIP = NO;
				DEBUG_INFORMATION_FORMAT = dwarf;
				DYLIB_INSTALL_NAME_BASE = "@rpath";
				ENABLE_NS_ASSERTIONS = YES;
				GCC_OPTIMIZATION_LEVEL = 0;
				GCC_PREPROCESSOR_DEFINITIONS = (
					"$(inherited)",
					"SWIFT_PACKAGE=1",
					"DEBUG=1",
				);
				MACOSX_DEPLOYMENT_TARGET = 10.10;
				ONLY_ACTIVE_ARCH = YES;
				OTHER_SWIFT_FLAGS = "$(inherited) -DXcode";
				PRODUCT_NAME = "$(TARGET_NAME)";
				SDKROOT = macosx;
				SUPPORTED_PLATFORMS = "macosx iphoneos iphonesimulator appletvos appletvsimulator watchos watchsimulator";
				SWIFT_ACTIVE_COMPILATION_CONDITIONS = "$(inherited) SWIFT_PACKAGE DEBUG";
				SWIFT_OPTIMIZATION_LEVEL = "-Onone";
				USE_HEADERMAP = NO;
			};
			name = Debug;
		};
		OBJ_35 /* Debug */ = {
			isa = XCBuildConfiguration;
			buildSettings = {
				ENABLE_TESTABILITY = YES;
				FRAMEWORK_SEARCH_PATHS = (
					"$(inherited)",
					"$(PLATFORM_DIR)/Developer/Library/Frameworks",
				);
				HEADER_SEARCH_PATHS = (
					"$(inherited)",
					"$(SRCROOT)/Sources/StdLibXFromC/include",
				);
				INFOPLIST_FILE = StdLibX.xcodeproj/StdLibX_Info.plist;
				IPHONEOS_DEPLOYMENT_TARGET = 9.0;
				LD_RUNPATH_SEARCH_PATHS = "$(inherited) $(TOOLCHAIN_DIR)/usr/lib/swift/macosx";
				MACOSX_DEPLOYMENT_TARGET = 10.10;
				OTHER_CFLAGS = "$(inherited)";
				OTHER_LDFLAGS = "$(inherited)";
				OTHER_SWIFT_FLAGS = "$(inherited)";
				PRODUCT_BUNDLE_IDENTIFIER = StdLibX;
				PRODUCT_MODULE_NAME = "$(TARGET_NAME:c99extidentifier)";
				PRODUCT_NAME = "$(TARGET_NAME:c99extidentifier)";
				SKIP_INSTALL = YES;
				SWIFT_ACTIVE_COMPILATION_CONDITIONS = "$(inherited)";
				SWIFT_VERSION = 5.0;
				TARGET_NAME = StdLibX;
				TVOS_DEPLOYMENT_TARGET = 9.0;
				WATCHOS_DEPLOYMENT_TARGET = 2.0;
			};
			name = Debug;
		};
		OBJ_36 /* Release */ = {
			isa = XCBuildConfiguration;
			buildSettings = {
				ENABLE_TESTABILITY = YES;
				FRAMEWORK_SEARCH_PATHS = (
					"$(inherited)",
					"$(PLATFORM_DIR)/Developer/Library/Frameworks",
				);
				HEADER_SEARCH_PATHS = (
					"$(inherited)",
					"$(SRCROOT)/Sources/StdLibXFromC/include",
				);
				INFOPLIST_FILE = StdLibX.xcodeproj/StdLibX_Info.plist;
				IPHONEOS_DEPLOYMENT_TARGET = 9.0;
				LD_RUNPATH_SEARCH_PATHS = "$(inherited) $(TOOLCHAIN_DIR)/usr/lib/swift/macosx";
				MACOSX_DEPLOYMENT_TARGET = 10.10;
				OTHER_CFLAGS = "$(inherited)";
				OTHER_LDFLAGS = "$(inherited)";
				OTHER_SWIFT_FLAGS = "$(inherited)";
				PRODUCT_BUNDLE_IDENTIFIER = StdLibX;
				PRODUCT_MODULE_NAME = "$(TARGET_NAME:c99extidentifier)";
				PRODUCT_NAME = "$(TARGET_NAME:c99extidentifier)";
				SKIP_INSTALL = YES;
				SWIFT_ACTIVE_COMPILATION_CONDITIONS = "$(inherited)";
				SWIFT_VERSION = 5.0;
				TARGET_NAME = StdLibX;
				TVOS_DEPLOYMENT_TARGET = 9.0;
				WATCHOS_DEPLOYMENT_TARGET = 2.0;
			};
			name = Release;
		};
		OBJ_4 /* Release */ = {
			isa = XCBuildConfiguration;
			buildSettings = {
				CLANG_ENABLE_OBJC_ARC = YES;
				COMBINE_HIDPI_IMAGES = YES;
				COPY_PHASE_STRIP = YES;
				DEBUG_INFORMATION_FORMAT = "dwarf-with-dsym";
				DYLIB_INSTALL_NAME_BASE = "@rpath";
				GCC_OPTIMIZATION_LEVEL = s;
				GCC_PREPROCESSOR_DEFINITIONS = (
					"$(inherited)",
					"SWIFT_PACKAGE=1",
				);
				MACOSX_DEPLOYMENT_TARGET = 10.10;
				OTHER_SWIFT_FLAGS = "$(inherited) -DXcode";
				PRODUCT_NAME = "$(TARGET_NAME)";
				SDKROOT = macosx;
				SUPPORTED_PLATFORMS = "macosx iphoneos iphonesimulator appletvos appletvsimulator watchos watchsimulator";
				SWIFT_ACTIVE_COMPILATION_CONDITIONS = "$(inherited) SWIFT_PACKAGE";
				SWIFT_OPTIMIZATION_LEVEL = "-Owholemodule";
				USE_HEADERMAP = NO;
			};
			name = Release;
		};
		OBJ_49 /* Debug */ = {
			isa = XCBuildConfiguration;
			buildSettings = {
				CLANG_ENABLE_MODULES = YES;
				DEFINES_MODULE = YES;
				ENABLE_TESTABILITY = YES;
				FRAMEWORK_SEARCH_PATHS = (
					"$(inherited)",
					"$(PLATFORM_DIR)/Developer/Library/Frameworks",
				);
				HEADER_SEARCH_PATHS = (
					"$(inherited)",
					"$(SRCROOT)/Sources/StdLibXFromC/include",
				);
				INFOPLIST_FILE = StdLibX.xcodeproj/StdLibXFromC_Info.plist;
				IPHONEOS_DEPLOYMENT_TARGET = 9.0;
				LD_RUNPATH_SEARCH_PATHS = "$(inherited) $(TOOLCHAIN_DIR)/usr/lib/swift/macosx";
				MACOSX_DEPLOYMENT_TARGET = 10.10;
				OTHER_CFLAGS = "$(inherited)";
				OTHER_LDFLAGS = "$(inherited)";
				OTHER_SWIFT_FLAGS = "$(inherited)";
				PRODUCT_BUNDLE_IDENTIFIER = StdLibXFromC;
				PRODUCT_MODULE_NAME = "$(TARGET_NAME:c99extidentifier)";
				PRODUCT_NAME = "$(TARGET_NAME:c99extidentifier)";
				SKIP_INSTALL = YES;
				SWIFT_ACTIVE_COMPILATION_CONDITIONS = "$(inherited)";
				TARGET_NAME = StdLibXFromC;
				TVOS_DEPLOYMENT_TARGET = 9.0;
				WATCHOS_DEPLOYMENT_TARGET = 2.0;
			};
			name = Debug;
		};
		OBJ_50 /* Release */ = {
			isa = XCBuildConfiguration;
			buildSettings = {
				CLANG_ENABLE_MODULES = YES;
				DEFINES_MODULE = YES;
				ENABLE_TESTABILITY = YES;
				FRAMEWORK_SEARCH_PATHS = (
					"$(inherited)",
					"$(PLATFORM_DIR)/Developer/Library/Frameworks",
				);
				HEADER_SEARCH_PATHS = (
					"$(inherited)",
					"$(SRCROOT)/Sources/StdLibXFromC/include",
				);
				INFOPLIST_FILE = StdLibX.xcodeproj/StdLibXFromC_Info.plist;
				IPHONEOS_DEPLOYMENT_TARGET = 9.0;
				LD_RUNPATH_SEARCH_PATHS = "$(inherited) $(TOOLCHAIN_DIR)/usr/lib/swift/macosx";
				MACOSX_DEPLOYMENT_TARGET = 10.10;
				OTHER_CFLAGS = "$(inherited)";
				OTHER_LDFLAGS = "$(inherited)";
				OTHER_SWIFT_FLAGS = "$(inherited)";
				PRODUCT_BUNDLE_IDENTIFIER = StdLibXFromC;
				PRODUCT_MODULE_NAME = "$(TARGET_NAME:c99extidentifier)";
				PRODUCT_NAME = "$(TARGET_NAME:c99extidentifier)";
				SKIP_INSTALL = YES;
				SWIFT_ACTIVE_COMPILATION_CONDITIONS = "$(inherited)";
				TARGET_NAME = StdLibXFromC;
				TVOS_DEPLOYMENT_TARGET = 9.0;
				WATCHOS_DEPLOYMENT_TARGET = 2.0;
			};
			name = Release;
		};
		OBJ_59 /* Debug */ = {
			isa = XCBuildConfiguration;
			buildSettings = {
				LD = /usr/bin/true;
				OTHER_SWIFT_FLAGS = "-swift-version 5 -I $(TOOLCHAIN_DIR)/usr/lib/swift/pm/4_2 -sdk /Applications/Xcode-beta.app/Contents/Developer/Platforms/MacOSX.platform/Developer/SDKs/MacOSX10.16.sdk -package-description-version 5.2.0";
				SWIFT_VERSION = 5.0;
			};
			name = Debug;
		};
		OBJ_60 /* Release */ = {
			isa = XCBuildConfiguration;
			buildSettings = {
				LD = /usr/bin/true;
				OTHER_SWIFT_FLAGS = "-swift-version 5 -I $(TOOLCHAIN_DIR)/usr/lib/swift/pm/4_2 -sdk /Applications/Xcode-beta.app/Contents/Developer/Platforms/MacOSX.platform/Developer/SDKs/MacOSX10.16.sdk -package-description-version 5.2.0";
				SWIFT_VERSION = 5.0;
			};
			name = Release;
		};
		OBJ_65 /* Debug */ = {
			isa = XCBuildConfiguration;
			buildSettings = {
			};
			name = Debug;
		};
		OBJ_66 /* Release */ = {
			isa = XCBuildConfiguration;
			buildSettings = {
			};
			name = Release;
		};
		OBJ_70 /* Debug */ = {
			isa = XCBuildConfiguration;
			buildSettings = {
				CLANG_ENABLE_MODULES = YES;
				EMBEDDED_CONTENT_CONTAINS_SWIFT = YES;
				FRAMEWORK_SEARCH_PATHS = (
					"$(inherited)",
					"$(PLATFORM_DIR)/Developer/Library/Frameworks",
				);
				HEADER_SEARCH_PATHS = (
					"$(inherited)",
					"$(SRCROOT)/Sources/StdLibXFromC/include",
				);
				INFOPLIST_FILE = StdLibX.xcodeproj/StdLibXTests_Info.plist;
				IPHONEOS_DEPLOYMENT_TARGET = 14.0;
				LD_RUNPATH_SEARCH_PATHS = "$(inherited) @loader_path/../Frameworks @loader_path/Frameworks";
				MACOSX_DEPLOYMENT_TARGET = 10.15;
				OTHER_CFLAGS = "$(inherited)";
				OTHER_LDFLAGS = "$(inherited)";
				OTHER_SWIFT_FLAGS = "$(inherited)";
				SWIFT_ACTIVE_COMPILATION_CONDITIONS = "$(inherited)";
				SWIFT_VERSION = 5.0;
				TARGET_NAME = StdLibXTests;
				TVOS_DEPLOYMENT_TARGET = 9.0;
				WATCHOS_DEPLOYMENT_TARGET = 2.0;
			};
			name = Debug;
		};
		OBJ_71 /* Release */ = {
			isa = XCBuildConfiguration;
			buildSettings = {
				CLANG_ENABLE_MODULES = YES;
				EMBEDDED_CONTENT_CONTAINS_SWIFT = YES;
				FRAMEWORK_SEARCH_PATHS = (
					"$(inherited)",
					"$(PLATFORM_DIR)/Developer/Library/Frameworks",
				);
				HEADER_SEARCH_PATHS = (
					"$(inherited)",
					"$(SRCROOT)/Sources/StdLibXFromC/include",
				);
				INFOPLIST_FILE = StdLibX.xcodeproj/StdLibXTests_Info.plist;
				IPHONEOS_DEPLOYMENT_TARGET = 14.0;
				LD_RUNPATH_SEARCH_PATHS = "$(inherited) @loader_path/../Frameworks @loader_path/Frameworks";
				MACOSX_DEPLOYMENT_TARGET = 10.15;
				OTHER_CFLAGS = "$(inherited)";
				OTHER_LDFLAGS = "$(inherited)";
				OTHER_SWIFT_FLAGS = "$(inherited)";
				SWIFT_ACTIVE_COMPILATION_CONDITIONS = "$(inherited)";
				SWIFT_VERSION = 5.0;
				TARGET_NAME = StdLibXTests;
				TVOS_DEPLOYMENT_TARGET = 9.0;
				WATCHOS_DEPLOYMENT_TARGET = 2.0;
			};
			name = Release;
		};
/* End XCBuildConfiguration section */

/* Begin XCConfigurationList section */
		OBJ_2 /* Build configuration list for PBXProject "StdLibX" */ = {
			isa = XCConfigurationList;
			buildConfigurations = (
				OBJ_3 /* Debug */,
				OBJ_4 /* Release */,
			);
			defaultConfigurationIsVisible = 0;
			defaultConfigurationName = Release;
		};
		OBJ_34 /* Build configuration list for PBXNativeTarget "StdLibX" */ = {
			isa = XCConfigurationList;
			buildConfigurations = (
				OBJ_35 /* Debug */,
				OBJ_36 /* Release */,
			);
			defaultConfigurationIsVisible = 0;
			defaultConfigurationName = Release;
		};
		OBJ_48 /* Build configuration list for PBXNativeTarget "StdLibXFromC" */ = {
			isa = XCConfigurationList;
			buildConfigurations = (
				OBJ_49 /* Debug */,
				OBJ_50 /* Release */,
			);
			defaultConfigurationIsVisible = 0;
			defaultConfigurationName = Release;
		};
		OBJ_58 /* Build configuration list for PBXNativeTarget "StdLibXPackageDescription" */ = {
			isa = XCConfigurationList;
			buildConfigurations = (
				OBJ_59 /* Debug */,
				OBJ_60 /* Release */,
			);
			defaultConfigurationIsVisible = 0;
			defaultConfigurationName = Release;
		};
		OBJ_64 /* Build configuration list for PBXAggregateTarget "StdLibXPackageTests" */ = {
			isa = XCConfigurationList;
			buildConfigurations = (
				OBJ_65 /* Debug */,
				OBJ_66 /* Release */,
			);
			defaultConfigurationIsVisible = 0;
			defaultConfigurationName = Release;
		};
		OBJ_69 /* Build configuration list for PBXNativeTarget "StdLibXTests" */ = {
			isa = XCConfigurationList;
			buildConfigurations = (
				OBJ_70 /* Debug */,
				OBJ_71 /* Release */,
			);
			defaultConfigurationIsVisible = 0;
			defaultConfigurationName = Release;
		};
/* End XCConfigurationList section */
	};
	rootObject = OBJ_1 /* Project object */;
}
